
Microsoft Visual Studio Solution File, Format Version 12.00
# Visual Studio Version 16
VisualStudioVersion = 16.0.31410.357
MinimumVisualStudioVersion = 10.0.40219.1
Project("{FAE04EC0-301F-11D3-BF4B-00C04F79EFBC}") = "ArticlesApp.UWP", "ArticlesApp\ArticlesApp.UWP\ArticlesApp.UWP.csproj", "{B96D14D8-C8E0-40A9-8E5F-427B482471AB}"
EndProject
Project("{FAE04EC0-301F-11D3-BF4B-00C04F79EFBC}") = "ArticlesApp.Android", "ArticlesApp\ArticlesApp.Android\ArticlesApp.Android.csproj", "{EA96412C-4D37-4102-BB73-E9F57E3981B2}"
EndProject
Project("{FAE04EC0-301F-11D3-BF4B-00C04F79EFBC}") = "ArticlesApp.iOS", "ArticlesApp\ArticlesApp.iOS\ArticlesApp.iOS.csproj", "{4E3746E8-2A9F-4C26-AA82-79FF99C1541D}"
EndProject
Project("{FAE04EC0-301F-11D3-BF4B-00C04F79EFBC}") = "ArticlesApp", "ArticlesApp\ArticlesApp\ArticlesApp.csproj", "{02208637-E44B-4D9B-90AB-8F3CBE132752}"
EndProject
Global
	GlobalSection(SolutionConfigurationPlatforms) = preSolution
		Debug|Any CPU = Debug|Any CPU
		Debug|ARM = Debug|ARM
		Debug|iPhone = Debug|iPhone
		Debug|iPhoneSimulator = Debug|iPhoneSimulator
		Debug|x64 = Debug|x64
		Debug|x86 = Debug|x86
		Release|Any CPU = Release|Any CPU
		Release|ARM = Release|ARM
		Release|iPhone = Release|iPhone
		Release|iPhoneSimulator = Release|iPhoneSimulator
		Release|x64 = Release|x64
		Release|x86 = Release|x86
	EndGlobalSection
	GlobalSection(ProjectConfigurationPlatforms) = postSolution
		{B96D14D8-C8E0-40A9-8E5F-427B482471AB}.Debug|Any CPU.ActiveCfg = Debug|x86
		{B96D14D8-C8E0-40A9-8E5F-427B482471AB}.Debug|Any CPU.Build.0 = Debug|x86
		{B96D14D8-C8E0-40A9-8E5F-427B482471AB}.Debug|Any CPU.Deploy.0 = Debug|x86
		{B96D14D8-C8E0-40A9-8E5F-427B482471AB}.Debug|ARM.ActiveCfg = Debug|ARM
		{B96D14D8-C8E0-40A9-8E5F-427B482471AB}.Debug|ARM.Build.0 = Debug|ARM
		{B96D14D8-C8E0-40A9-8E5F-427B482471AB}.Debug|ARM.Deploy.0 = Debug|ARM
		{B96D14D8-C8E0-40A9-8E5F-427B482471AB}.Debug|iPhone.ActiveCfg = Debug|x86
		{B96D14D8-C8E0-40A9-8E5F-427B482471AB}.Debug|iPhone.Build.0 = Debug|x86
		{B96D14D8-C8E0-40A9-8E5F-427B482471AB}.Debug|iPhone.Deploy.0 = Debug|x86
		{B96D14D8-C8E0-40A9-8E5F-427B482471AB}.Debug|iPhoneSimulator.ActiveCfg = Debug|x86
		{B96D14D8-C8E0-40A9-8E5F-427B482471AB}.Debug|iPhoneSimulator.Build.0 = Debug|x86
		{B96D14D8-C8E0-40A9-8E5F-427B482471AB}.Debug|iPhoneSimulator.Deploy.0 = Debug|x86
		{B96D14D8-C8E0-40A9-8E5F-427B482471AB}.Debug|x64.ActiveCfg = Debug|x64
		{B96D14D8-C8E0-40A9-8E5F-427B482471AB}.Debug|x64.Build.0 = Debug|x64
		{B96D14D8-C8E0-40A9-8E5F-427B482471AB}.Debug|x64.Deploy.0 = Debug|x64
		{B96D14D8-C8E0-40A9-8E5F-427B482471AB}.Debug|x86.ActiveCfg = Debug|x86
		{B96D14D8-C8E0-40A9-8E5F-427B482471AB}.Debug|x86.Build.0 = Debug|x86
		{B96D14D8-C8E0-40A9-8E5F-427B482471AB}.Debug|x86.Deploy.0 = Debug|x86
		{B96D14D8-C8E0-40A9-8E5F-427B482471AB}.Release|Any CPU.ActiveCfg = Release|x86
		{B96D14D8-C8E0-40A9-8E5F-427B482471AB}.Release|Any CPU.Build.0 = Release|x86
		{B96D14D8-C8E0-40A9-8E5F-427B482471AB}.Release|Any CPU.Deploy.0 = Release|x86
		{B96D14D8-C8E0-40A9-8E5F-427B482471AB}.Release|ARM.ActiveCfg = Release|ARM
		{B96D14D8-C8E0-40A9-8E5F-427B482471AB}.Release|ARM.Build.0 = Release|ARM
		{B96D14D8-C8E0-40A9-8E5F-427B482471AB}.Release|ARM.Deploy.0 = Release|ARM
		{B96D14D8-C8E0-40A9-8E5F-427B482471AB}.Release|iPhone.ActiveCfg = Release|x86
		{B96D14D8-C8E0-40A9-8E5F-427B482471AB}.Release|iPhone.Build.0 = Release|x86
		{B96D14D8-C8E0-40A9-8E5F-427B482471AB}.Release|iPhone.Deploy.0 = Release|x86
		{B96D14D8-C8E0-40A9-8E5F-427B482471AB}.Release|iPhoneSimulator.ActiveCfg = Release|x86
		{B96D14D8-C8E0-40A9-8E5F-427B482471AB}.Release|iPhoneSimulator.Build.0 = Release|x86
		{B96D14D8-C8E0-40A9-8E5F-427B482471AB}.Release|iPhoneSimulator.Deploy.0 = Release|x86
		{B96D14D8-C8E0-40A9-8E5F-427B482471AB}.Release|x64.ActiveCfg = Release|x64
		{B96D14D8-C8E0-40A9-8E5F-427B482471AB}.Release|x64.Build.0 = Release|x64
		{B96D14D8-C8E0-40A9-8E5F-427B482471AB}.Release|x64.Deploy.0 = Release|x64
		{B96D14D8-C8E0-40A9-8E5F-427B482471AB}.Release|x86.ActiveCfg = Release|x86
		{B96D14D8-C8E0-40A9-8E5F-427B482471AB}.Release|x86.Build.0 = Release|x86
		{B96D14D8-C8E0-40A9-8E5F-427B482471AB}.Release|x86.Deploy.0 = Release|x86
		{EA96412C-4D37-4102-BB73-E9F57E3981B2}.Debug|Any CPU.ActiveCfg = Debug|Any CPU
		{EA96412C-4D37-4102-BB73-E9F57E3981B2}.Debug|Any CPU.Build.0 = Debug|Any CPU
		{EA96412C-4D37-4102-BB73-E9F57E3981B2}.Debug|Any CPU.Deploy.0 = Debug|Any CPU
		{EA96412C-4D37-4102-BB73-E9F57E3981B2}.Debug|ARM.ActiveCfg = Debug|Any CPU
		{EA96412C-4D37-4102-BB73-E9F57E3981B2}.Debug|ARM.Build.0 = Debug|Any CPU
		{EA96412C-4D37-4102-BB73-E9F57E3981B2}.Debug|ARM.Deploy.0 = Debug|Any CPU
		{EA96412C-4D37-4102-BB73-E9F57E3981B2}.Debug|iPhone.ActiveCfg = Debug|Any CPU
		{EA96412C-4D37-4102-BB73-E9F57E3981B2}.Debug|iPhone.Build.0 = Debug|Any CPU
		{EA96412C-4D37-4102-BB73-E9F57E3981B2}.Debug|iPhone.Deploy.0 = Debug|Any CPU
		{EA96412C-4D37-4102-BB73-E9F57E3981B2}.Debug|iPhoneSimulator.ActiveCfg = Debug|Any CPU
		{EA96412C-4D37-4102-BB73-E9F57E3981B2}.Debug|iPhoneSimulator.Build.0 = Debug|Any CPU
		{EA96412C-4D37-4102-BB73-E9F57E3981B2}.Debug|iPhoneSimulator.Deploy.0 = Debug|Any CPU
		{EA96412C-4D37-4102-BB73-E9F57E3981B2}.Debug|x64.ActiveCfg = Debug|Any CPU
		{EA96412C-4D37-4102-BB73-E9F57E3981B2}.Debug|x64.Build.0 = Debug|Any CPU
		{EA96412C-4D37-4102-BB73-E9F57E3981B2}.Debug|x64.Deploy.0 = Debug|Any CPU
		{EA96412C-4D37-4102-BB73-E9F57E3981B2}.Debug|x86.ActiveCfg = Debug|Any CPU
		{EA96412C-4D37-4102-BB73-E9F57E3981B2}.Debug|x86.Build.0 = Debug|Any CPU
		{EA96412C-4D37-4102-BB73-E9F57E3981B2}.Debug|x86.Deploy.0 = Debug|Any CPU
		{EA96412C-4D37-4102-BB73-E9F57E3981B2}.Release|Any CPU.ActiveCfg = Release|Any CPU
		{EA96412C-4D37-4102-BB73-E9F57E3981B2}.Release|Any CPU.Build.0 = Release|Any CPU
		{EA96412C-4D37-4102-BB73-E9F57E3981B2}.Release|Any CPU.Deploy.0 = Release|Any CPU
		{EA96412C-4D37-4102-BB73-E9F57E3981B2}.Release|ARM.ActiveCfg = Release|Any CPU
		{EA96412C-4D37-4102-BB73-E9F57E3981B2}.Release|ARM.Build.0 = Release|Any CPU
		{EA96412C-4D37-4102-BB73-E9F57E3981B2}.Release|ARM.Deploy.0 = Release|Any CPU
		{EA96412C-4D37-4102-BB73-E9F57E3981B2}.Release|iPhone.ActiveCfg = Release|Any CPU
		{EA96412C-4D37-4102-BB73-E9F57E3981B2}.Release|iPhone.Build.0 = Release|Any CPU
		{EA96412C-4D37-4102-BB73-E9F57E3981B2}.Release|iPhone.Deploy.0 = Release|Any CPU
		{EA96412C-4D37-4102-BB73-E9F57E3981B2}.Release|iPhoneSimulator.ActiveCfg = Release|Any CPU
		{EA96412C-4D37-4102-BB73-E9F57E3981B2}.Release|iPhoneSimulator.Build.0 = Release|Any CPU
		{EA96412C-4D37-4102-BB73-E9F57E3981B2}.Release|iPhoneSimulator.Deploy.0 = Release|Any CPU
		{EA96412C-4D37-4102-BB73-E9F57E3981B2}.Release|x64.ActiveCfg = Release|Any CPU
		{EA96412C-4D37-4102-BB73-E9F57E3981B2}.Release|x64.Build.0 = Release|Any CPU
		{EA96412C-4D37-4102-BB73-E9F57E3981B2}.Release|x64.Deploy.0 = Release|Any CPU
		{EA96412C-4D37-4102-BB73-E9F57E3981B2}.Release|x86.ActiveCfg = Release|Any CPU
		{EA96412C-4D37-4102-BB73-E9F57E3981B2}.Release|x86.Build.0 = Release|Any CPU
		{EA96412C-4D37-4102-BB73-E9F57E3981B2}.Release|x86.Deploy.0 = Release|Any CPU
		{4E3746E8-2A9F-4C26-AA82-79FF99C1541D}.Debug|Any CPU.ActiveCfg = Debug|iPhoneSimulator
		{4E3746E8-2A9F-4C26-AA82-79FF99C1541D}.Debug|Any CPU.Build.0 = Debug|iPhoneSimulator
		{4E3746E8-2A9F-4C26-AA82-79FF99C1541D}.Debug|Any CPU.Deploy.0 = Debug|iPhoneSimulator
		{4E3746E8-2A9F-4C26-AA82-79FF99C1541D}.Debug|ARM.ActiveCfg = Debug|iPhone
		{4E3746E8-2A9F-4C26-AA82-79FF99C1541D}.Debug|ARM.Build.0 = Debug|iPhone
		{4E3746E8-2A9F-4C26-AA82-79FF99C1541D}.Debug|ARM.Deploy.0 = Debug|iPhone
		{4E3746E8-2A9F-4C26-AA82-79FF99C1541D}.Debug|iPhone.ActiveCfg = Debug|iPhone
		{4E3746E8-2A9F-4C26-AA82-79FF99C1541D}.Debug|iPhone.Build.0 = Debug|iPhone
		{4E3746E8-2A9F-4C26-AA82-79FF99C1541D}.Debug|iPhone.Deploy.0 = Debug|iPhone
		{4E3746E8-2A9F-4C26-AA82-79FF99C1541D}.Debug|iPhoneSimulator.ActiveCfg = Debug|iPhoneSimulator
		{4E3746E8-2A9F-4C26-AA82-79FF99C1541D}.Debug|iPhoneSimulator.Build.0 = Debug|iPhoneSimulator
		{4E3746E8-2A9F-4C26-AA82-79FF99C1541D}.Debug|iPhoneSimulator.Deploy.0 = Debug|iPhoneSimulator
		{4E3746E8-2A9F-4C26-AA82-79FF99C1541D}.Debug|x64.ActiveCfg = Debug|iPhoneSimulator
		{4E3746E8-2A9F-4C26-AA82-79FF99C1541D}.Debug|x64.Build.0 = Debug|iPhoneSimulator
		{4E3746E8-2A9F-4C26-AA82-79FF99C1541D}.Debug|x64.Deploy.0 = Debug|iPhoneSimulator
		{4E3746E8-2A9F-4C26-AA82-79FF99C1541D}.Debug|x86.ActiveCfg = Debug|iPhoneSimulator
		{4E3746E8-2A9F-4C26-AA82-79FF99C1541D}.Debug|x86.Build.0 = Debug|iPhoneSimulator
		{4E3746E8-2A9F-4C26-AA82-79FF99C1541D}.Debug|x86.Deploy.0 = Debug|iPhoneSimulator
		{4E3746E8-2A9F-4C26-AA82-79FF99C1541D}.Release|Any CPU.ActiveCfg = Release|iPhoneSimulator
		{4E3746E8-2A9F-4C26-AA82-79FF99C1541D}.Release|Any CPU.Build.0 = Release|iPhoneSimulator
		{4E3746E8-2A9F-4C26-AA82-79FF99C1541D}.Release|Any CPU.Deploy.0 = Release|iPhoneSimulator
		{4E3746E8-2A9F-4C26-AA82-79FF99C1541D}.Release|ARM.ActiveCfg = Release|iPhoneSimulator
		{4E3746E8-2A9F-4C26-AA82-79FF99C1541D}.Release|ARM.Build.0 = Release|iPhoneSimulator
		{4E3746E8-2A9F-4C26-AA82-79FF99C1541D}.Release|ARM.Deploy.0 = Release|iPhoneSimulator
		{4E3746E8-2A9F-4C26-AA82-79FF99C1541D}.Release|iPhone.ActiveCfg = Release|iPhone
		{4E3746E8-2A9F-4C26-AA82-79FF99C1541D}.Release|iPhone.Build.0 = Release|iPhone
		{4E3746E8-2A9F-4C26-AA82-79FF99C1541D}.Release|iPhone.Deploy.0 = Release|iPhone
		{4E3746E8-2A9F-4C26-AA82-79FF99C1541D}.Release|iPhoneSimulator.ActiveCfg = Release|iPhoneSimulator
		{4E3746E8-2A9F-4C26-AA82-79FF99C1541D}.Release|iPhoneSimulator.Build.0 = Release|iPhoneSimulator
		{4E3746E8-2A9F-4C26-AA82-79FF99C1541D}.Release|iPhoneSimulator.Deploy.0 = Release|iPhoneSimulator
		{4E3746E8-2A9F-4C26-AA82-79FF99C1541D}.Release|x64.ActiveCfg = Release|iPhoneSimulator
		{4E3746E8-2A9F-4C26-AA82-79FF99C1541D}.Release|x64.Build.0 = Release|iPhoneSimulator
		{4E3746E8-2A9F-4C26-AA82-79FF99C1541D}.Release|x64.Deploy.0 = Release|iPhoneSimulator
		{4E3746E8-2A9F-4C26-AA82-79FF99C1541D}.Release|x86.ActiveCfg = Release|iPhoneSimulator
		{4E3746E8-2A9F-4C26-AA82-79FF99C1541D}.Release|x86.Build.0 = Release|iPhoneSimulator
		{4E3746E8-2A9F-4C26-AA82-79FF99C1541D}.Release|x86.Deploy.0 = Release|iPhoneSimulator
		{02208637-E44B-4D9B-90AB-8F3CBE132752}.Debug|Any CPU.ActiveCfg = Debug|Any CPU
		{02208637-E44B-4D9B-90AB-8F3CBE132752}.Debug|Any CPU.Build.0 = Debug|Any CPU
		{02208637-E44B-4D9B-90AB-8F3CBE132752}.Debug|Any CPU.Deploy.0 = Debug|Any CPU
		{02208637-E44B-4D9B-90AB-8F3CBE132752}.Debug|ARM.ActiveCfg = Debug|Any CPU
		{02208637-E44B-4D9B-90AB-8F3CBE132752}.Debug|ARM.Build.0 = Debug|Any CPU
		{02208637-E44B-4D9B-90AB-8F3CBE132752}.Debug|ARM.Deploy.0 = Debug|Any CPU
		{02208637-E44B-4D9B-90AB-8F3CBE132752}.Debug|iPhone.ActiveCfg = Debug|Any CPU
		{02208637-E44B-4D9B-90AB-8F3CBE132752}.Debug|iPhone.Build.0 = Debug|Any CPU
		{02208637-E44B-4D9B-90AB-8F3CBE132752}.Debug|iPhone.Deploy.0 = Debug|Any CPU
		{02208637-E44B-4D9B-90AB-8F3CBE132752}.Debug|iPhoneSimulator.ActiveCfg = Debug|Any CPU
		{02208637-E44B-4D9B-90AB-8F3CBE132752}.Debug|iPhoneSimulator.Build.0 = Debug|Any CPU
		{02208637-E44B-4D9B-90AB-8F3CBE132752}.Debug|iPhoneSimulator.Deploy.0 = Debug|Any CPU
		{02208637-E44B-4D9B-90AB-8F3CBE132752}.Debug|x64.ActiveCfg = Debug|Any CPU
		{02208637-E44B-4D9B-90AB-8F3CBE132752}.Debug|x64.Build.0 = Debug|Any CPU
		{02208637-E44B-4D9B-90AB-8F3CBE132752}.Debug|x64.Deploy.0 = Debug|Any CPU
		{02208637-E44B-4D9B-90AB-8F3CBE132752}.Debug|x86.ActiveCfg = Debug|Any CPU
		{02208637-E44B-4D9B-90AB-8F3CBE132752}.Debug|x86.Build.0 = Debug|Any CPU
		{02208637-E44B-4D9B-90AB-8F3CBE132752}.Debug|x86.Deploy.0 = Debug|Any CPU
		{02208637-E44B-4D9B-90AB-8F3CBE132752}.Release|Any CPU.ActiveCfg = Release|Any CPU
		{02208637-E44B-4D9B-90AB-8F3CBE132752}.Release|Any CPU.Build.0 = Release|Any CPU
		{02208637-E44B-4D9B-90AB-8F3CBE132752}.Release|Any CPU.Deploy.0 = Release|Any CPU
		{02208637-E44B-4D9B-90AB-8F3CBE132752}.Release|ARM.ActiveCfg = Release|Any CPU
		{02208637-E44B-4D9B-90AB-8F3CBE132752}.Release|ARM.Build.0 = Release|Any CPU
		{02208637-E44B-4D9B-90AB-8F3CBE132752}.Release|ARM.Deploy.0 = Release|Any CPU
		{02208637-E44B-4D9B-90AB-8F3CBE132752}.Release|iPhone.ActiveCfg = Release|Any CPU
		{02208637-E44B-4D9B-90AB-8F3CBE132752}.Release|iPhone.Build.0 = Release|Any CPU
		{02208637-E44B-4D9B-90AB-8F3CBE132752}.Release|iPhone.Deploy.0 = Release|Any CPU
		{02208637-E44B-4D9B-90AB-8F3CBE132752}.Release|iPhoneSimulator.ActiveCfg = Release|Any CPU
		{02208637-E44B-4D9B-90AB-8F3CBE132752}.Release|iPhoneSimulator.Build.0 = Release|Any CPU
		{02208637-E44B-4D9B-90AB-8F3CBE132752}.Release|iPhoneSimulator.Deploy.0 = Release|Any CPU
		{02208637-E44B-4D9B-90AB-8F3CBE132752}.Release|x64.ActiveCfg = Release|Any CPU
		{02208637-E44B-4D9B-90AB-8F3CBE132752}.Release|x64.Build.0 = Release|Any CPU
		{02208637-E44B-4D9B-90AB-8F3CBE132752}.Release|x64.Deploy.0 = Release|Any CPU
		{02208637-E44B-4D9B-90AB-8F3CBE132752}.Release|x86.ActiveCfg = Release|Any CPU
		{02208637-E44B-4D9B-90AB-8F3CBE132752}.Release|x86.Build.0 = Release|Any CPU
		{02208637-E44B-4D9B-90AB-8F3CBE132752}.Release|x86.Deploy.0 = Release|Any CPU
	EndGlobalSection
	GlobalSection(SolutionProperties) = preSolution
		HideSolutionNode = FALSE
	EndGlobalSection
	GlobalSection(ExtensibilityGlobals) = postSolution
		SolutionGuid = {2A021E60-32CD-44E5-BBCD-EAEF3B027DB8}
	EndGlobalSection
EndGlobal
